
Microsoft Visual Studio Solution File, Format Version 12.00
# Visual Studio Version 16
VisualStudioVersion = 16.0.30320.27
MinimumVisualStudioVersion = 10.0.40219.1
Project("{FAE04EC0-301F-11D3-BF4B-00C04F79EFBC}") = "RandomQuestion.Website", "RandomQuestion.Website\RandomQuestion.Website.csproj", "{1E2B04DD-44B5-4389-A85E-05761F55D4B1}"
EndProject
Project("{FAE04EC0-301F-11D3-BF4B-00C04F79EFBC}") = "RandomQuestion.Core", "RandomQuestion.Core\RandomQuestion.Core.csproj", "{21C88443-DAFB-4FF3-89AA-70B4ACD0548F}"
EndProject
Global
	GlobalSection(SolutionConfigurationPlatforms) = preSolution
		Debug|Any CPU = Debug|Any CPU
		Release|Any CPU = Release|Any CPU
	EndGlobalSection
	GlobalSection(ProjectConfigurationPlatforms) = postSolution
		{1E2B04DD-44B5-4389-A85E-05761F55D4B1}.Debug|Any CPU.ActiveCfg = Debug|Any CPU
		{1E2B04DD-44B5-4389-A85E-05761F55D4B1}.Debug|Any CPU.Build.0 = Debug|Any CPU
		{1E2B04DD-44B5-4389-A85E-05761F55D4B1}.Release|Any CPU.ActiveCfg = Release|Any CPU
		{1E2B04DD-44B5-4389-A85E-05761F55D4B1}.Release|Any CPU.Build.0 = Release|Any CPU
		{21C88443-DAFB-4FF3-89AA-70B4ACD0548F}.Debug|Any CPU.ActiveCfg = Debug|Any CPU
		{21C88443-DAFB-4FF3-89AA-70B4ACD0548F}.Debug|Any CPU.Build.0 = Debug|Any CPU
		{21C88443-DAFB-4FF3-89AA-70B4ACD0548F}.Release|Any CPU.ActiveCfg = Release|Any CPU
		{21C88443-DAFB-4FF3-89AA-70B4ACD0548F}.Release|Any CPU.Build.0 = Release|Any CPU
	EndGlobalSection
	GlobalSection(SolutionProperties) = preSolution
		HideSolutionNode = FALSE
	EndGlobalSection
	GlobalSection(ExtensibilityGlobals) = postSolution
		SolutionGuid = {C875EE69-D85B-4B46-9D52-0A29E96852AE}
	EndGlobalSection
EndGlobal
